{
  "pins" : [
    {
      "identity" : "swiftterm",
      "kind" : "remoteSourceControl",
      "location" : "https://github.com/migueldeicaza/SwiftTerm.git",
      "state" : {
        "revision" : "55e7cdbeb3f41c80cce7b8a29ce9d17e214b2e77",
        "version" : "1.2.0"
      }
    }
  ],
  "version" : 2
}
