{
  "pins" : [
    {
      "identity" : "cameraview",
      "kind" : "remoteSourceControl",
      "location" : "https://github.com/brettfazio/CameraView",
      "state" : {
        "revision" : "bb528e129ac23f2888dee51a309bbd4b10374673",
        "version" : "0.0.1"
      }
    }
  ],
  "version" : 2
}
